// !$*UTF8*$!
{
	archiveVersion = 1;
	classes = {
	};
	objectVersion = 50;
	objects = {

/* Begin PBXBuildFile section */
		9446457A25CBE20500E247F6 /* AppDelegate.swift in Sources */ = {isa = PBXBuildFile; fileRef = 9446457925CBE20500E247F6 /* AppDelegate.swift */; };
		9446457C25CBE20500E247F6 /* SceneDelegate.swift in Sources */ = {isa = PBXBuildFile; fileRef = 9446457B25CBE20500E247F6 /* SceneDelegate.swift */; };
		9446457E25CBE20500E247F6 /* MapViewController.swift in Sources */ = {isa = PBXBuildFile; fileRef = 9446457D25CBE20500E247F6 /* MapViewController.swift */; };
		9446458325CBE20500E247F6 /* Assets.xcassets in Resources */ = {isa = PBXBuildFile; fileRef = 9446458225CBE20500E247F6 /* Assets.xcassets */; };
		9446458625CBE20500E247F6 /* LaunchScreen.storyboard in Resources */ = {isa = PBXBuildFile; fileRef = 9446458425CBE20500E247F6 /* LaunchScreen.storyboard */; };
		9446459125CBE20600E247F6 /* Restaraunts_nearbyTests.swift in Sources */ = {isa = PBXBuildFile; fileRef = 9446459025CBE20600E247F6 /* Restaraunts_nearbyTests.swift */; };
/* End PBXBuildFile section */

/* Begin PBXContainerItemProxy section */
		9446458D25CBE20600E247F6 /* PBXContainerItemProxy */ = {
			isa = PBXContainerItemProxy;
			containerPortal = 9446456E25CBE20500E247F6 /* Project object */;
			proxyType = 1;
			remoteGlobalIDString = 9446457525CBE20500E247F6;
			remoteInfo = "Restaraunts nearby";
		};
/* End PBXContainerItemProxy section */

/* Begin PBXFileReference section */
		9446457625CBE20500E247F6 /* Restaraunts nearby.app */ = {isa = PBXFileReference; explicitFileType = wrapper.application; includeInIndex = 0; path = "Restaraunts nearby.app"; sourceTree = BUILT_PRODUCTS_DIR; };
		9446457925CBE20500E247F6 /* AppDelegate.swift */ = {isa = PBXFileReference; lastKnownFileType = sourcecode.swift; path = AppDelegate.swift; sourceTree = "<group>"; };
		9446457B25CBE20500E247F6 /* SceneDelegate.swift */ = {isa = PBXFileReference; lastKnownFileType = sourcecode.swift; path = SceneDelegate.swift; sourceTree = "<group>"; };
		9446457D25CBE20500E247F6 /* MapViewController.swift */ = {isa = PBXFileReference; lastKnownFileType = sourcecode.swift; path = MapViewController.swift; sourceTree = "<group>"; };
		9446458225CBE20500E247F6 /* Assets.xcassets */ = {isa = PBXFileReference; lastKnownFileType = folder.assetcatalog; path = Assets.xcassets; sourceTree = "<group>"; };
		9446458525CBE20500E247F6 /* Base */ = {isa = PBXFileReference; lastKnownFileType = file.storyboard; name = Base; path = Base.lproj/LaunchScreen.storyboard; sourceTree = "<group>"; };
		9446458725CBE20500E247F6 /* Info.plist */ = {isa = PBXFileReference; lastKnownFileType = text.plist.xml; path = Info.plist; sourceTree = "<group>"; };
		9446458C25CBE20600E247F6 /* Restaraunts nearbyTests.xctest */ = {isa = PBXFileReference; explicitFileType = wrapper.cfbundle; includeInIndex = 0; path = "Restaraunts nearbyTests.xctest"; sourceTree = BUILT_PRODUCTS_DIR; };
		9446459025CBE20600E247F6 /* Restaraunts_nearbyTests.swift */ = {isa = PBXFileReference; lastKnownFileType = sourcecode.swift; path = Restaraunts_nearbyTests.swift; sourceTree = "<group>"; };
		9446459225CBE20600E247F6 /* Info.plist */ = {isa = PBXFileReference; lastKnownFileType = text.plist.xml; path = Info.plist; sourceTree = "<group>"; };
/* End PBXFileReference section */

/* Begin PBXFrameworksBuildPhase section */
		9446457325CBE20500E247F6 /* Frameworks */ = {
			isa = PBXFrameworksBuildPhase;
			buildActionMask = 2147483647;
			files = (
			);
			runOnlyForDeploymentPostprocessing = 0;
		};
		9446458925CBE20600E247F6 /* Frameworks */ = {
			isa = PBXFrameworksBuildPhase;
			buildActionMask = 2147483647;
			files = (
			);
			runOnlyForDeploymentPostprocessing = 0;
		};
/* End PBXFrameworksBuildPhase section */

/* Begin PBXGroup section */
		9446456D25CBE20500E247F6 = {
			isa = PBXGroup;
			children = (
				9446457825CBE20500E247F6 /* Restaraunts nearby */,
				9446458F25CBE20600E247F6 /* Restaraunts nearbyTests */,
				9446457725CBE20500E247F6 /* Products */,
			);
			sourceTree = "<group>";
		};
		9446457725CBE20500E247F6 /* Products */ = {
			isa = PBXGroup;
			children = (
				9446457625CBE20500E247F6 /* Restaraunts nearby.app */,
				9446458C25CBE20600E247F6 /* Restaraunts nearbyTests.xctest */,
			);
			name = Products;
			sourceTree = "<group>";
		};
		9446457825CBE20500E247F6 /* Restaraunts nearby */ = {
			isa = PBXGroup;
			children = (
				9446457925CBE20500E247F6 /* AppDelegate.swift */,
				9446457B25CBE20500E247F6 /* SceneDelegate.swift */,
				9446457D25CBE20500E247F6 /* MapViewController.swift */,
				9446458225CBE20500E247F6 /* Assets.xcassets */,
				9446458425CBE20500E247F6 /* LaunchScreen.storyboard */,
				9446458725CBE20500E247F6 /* Info.plist */,
			);
			path = "Restaraunts nearby";
			sourceTree = "<group>";
		};
		9446458F25CBE20600E247F6 /* Restaraunts nearbyTests */ = {
			isa = PBXGroup;
			children = (
				9446459025CBE20600E247F6 /* Restaraunts_nearbyTests.swift */,
				9446459225CBE20600E247F6 /* Info.plist */,
			);
			path = "Restaraunts nearbyTests";
			sourceTree = "<group>";
		};
/* End PBXGroup section */

/* Begin PBXNativeTarget section */
		9446457525CBE20500E247F6 /* Restaraunts nearby */ = {
			isa = PBXNativeTarget;
			buildConfigurationList = 9446459525CBE20600E247F6 /* Build configuration list for PBXNativeTarget "Restaraunts nearby" */;
			buildPhases = (
				9446457225CBE20500E247F6 /* Sources */,
				9446457325CBE20500E247F6 /* Frameworks */,
				9446457425CBE20500E247F6 /* Resources */,
			);
			buildRules = (
			);
			dependencies = (
			);
			name = "Restaraunts nearby";
			productName = "Restaraunts nearby";
			productReference = 9446457625CBE20500E247F6 /* Restaraunts nearby.app */;
			productType = "com.apple.product-type.application";
		};
		9446458B25CBE20600E247F6 /* Restaraunts nearbyTests */ = {
			isa = PBXNativeTarget;
			buildConfigurationList = 9446459825CBE20600E247F6 /* Build configuration list for PBXNativeTarget "Restaraunts nearbyTests" */;
			buildPhases = (
				9446458825CBE20600E247F6 /* Sources */,
				9446458925CBE20600E247F6 /* Frameworks */,
				9446458A25CBE20600E247F6 /* Resources */,
			);
			buildRules = (
			);
			dependencies = (
				9446458E25CBE20600E247F6 /* PBXTargetDependency */,
			);
			name = "Restaraunts nearbyTests";
			productName = "Restaraunts nearbyTests";
			productReference = 9446458C25CBE20600E247F6 /* Restaraunts nearbyTests.xctest */;
			productType = "com.apple.product-type.bundle.unit-test";
		};
/* End PBXNativeTarget section */

/* Begin PBXProject section */
		9446456E25CBE20500E247F6 /* Project object */ = {
			isa = PBXProject;
			attributes = {
				LastSwiftUpdateCheck = 1160;
				LastUpgradeCheck = 1160;
				ORGANIZATIONNAME = "Yury Lapitsky";
				TargetAttributes = {
					9446457525CBE20500E247F6 = {
						CreatedOnToolsVersion = 11.6;
					};
					9446458B25CBE20600E247F6 = {
						CreatedOnToolsVersion = 11.6;
						TestTargetID = 9446457525CBE20500E247F6;
					};
				};
			};
			buildConfigurationList = 9446457125CBE20500E247F6 /* Build configuration list for PBXProject "Restaraunts nearby" */;
			compatibilityVersion = "Xcode 9.3";
			developmentRegion = en;
			hasScannedForEncodings = 0;
			knownRegions = (
				en,
				Base,
			);
			mainGroup = 9446456D25CBE20500E247F6;
			productRefGroup = 9446457725CBE20500E247F6 /* Products */;
			projectDirPath = "";
			projectRoot = "";
			targets = (
				9446457525CBE20500E247F6 /* Restaraunts nearby */,
				9446458B25CBE20600E247F6 /* Restaraunts nearbyTests */,
			);
		};
/* End PBXProject section */

/* Begin PBXResourcesBuildPhase section */
		9446457425CBE20500E247F6 /* Resources */ = {
			isa = PBXResourcesBuildPhase;
			buildActionMask = 2147483647;
			files = (
				9446458625CBE20500E247F6 /* LaunchScreen.storyboard in Resources */,
				9446458325CBE20500E247F6 /* Assets.xcassets in Resources */,
			);
			runOnlyForDeploymentPostprocessing = 0;
		};
		9446458A25CBE20600E247F6 /* Resources */ = {
			isa = PBXResourcesBuildPhase;
			buildActionMask = 2147483647;
			files = (
			);
			runOnlyForDeploymentPostprocessing = 0;
		};
/* End PBXResourcesBuildPhase section */

/* Begin PBXSourcesBuildPhase section */
		9446457225CBE20500E247F6 /* Sources */ = {
			isa = PBXSourcesBuildPhase;
			buildActionMask = 2147483647;
			files = (
				9446457E25CBE20500E247F6 /* MapViewController.swift in Sources */,
				9446457A25CBE20500E247F6 /* AppDelegate.swift in Sources */,
				9446457C25CBE20500E247F6 /* SceneDelegate.swift in Sources */,
			);
			runOnlyForDeploymentPostprocessing = 0;
		};
		9446458825CBE20600E247F6 /* Sources */ = {
			isa = PBXSourcesBuildPhase;
			buildActionMask = 2147483647;
			files = (
				9446459125CBE20600E247F6 /* Restaraunts_nearbyTests.swift in Sources */,
			);
			runOnlyForDeploymentPostprocessing = 0;
		};
/* End PBXSourcesBuildPhase section */

/* Begin PBXTargetDependency section */
		9446458E25CBE20600E247F6 /* PBXTargetDependency */ = {
			isa = PBXTargetDependency;
			target = 9446457525CBE20500E247F6 /* Restaraunts nearby */;
			targetProxy = 9446458D25CBE20600E247F6 /* PBXContainerItemProxy */;
		};
/* End PBXTargetDependency section */

/* Begin PBXVariantGroup section */
		9446458425CBE20500E247F6 /* LaunchScreen.storyboard */ = {
			isa = PBXVariantGroup;
			children = (
				9446458525CBE20500E247F6 /* Base */,
			);
			name = LaunchScreen.storyboard;
			sourceTree = "<group>";
		};
/* End PBXVariantGroup section */

/* Begin XCBuildConfiguration section */
		9446459325CBE20600E247F6 /* Debug */ = {
			isa = XCBuildConfiguration;
			buildSettings = {
				ALWAYS_SEARCH_USER_PATHS = NO;
				CLANG_ANALYZER_NONNULL = YES;
				CLANG_ANALYZER_NUMBER_OBJECT_CONVERSION = YES_AGGRESSIVE;
				CLANG_CXX_LANGUAGE_STANDARD = "gnu++14";
				CLANG_CXX_LIBRARY = "libc++";
				CLANG_ENABLE_MODULES = YES;
				CLANG_ENABLE_OBJC_ARC = YES;
				CLANG_ENABLE_OBJC_WEAK = YES;
				CLANG_WARN_BLOCK_CAPTURE_AUTORELEASING = YES;
				CLANG_WARN_BOOL_CONVERSION = YES;
				CLANG_WARN_COMMA = YES;
				CLANG_WARN_CONSTANT_CONVERSION = YES;
				CLANG_WARN_DEPRECATED_OBJC_IMPLEMENTATIONS = YES;
				CLANG_WARN_DIRECT_OBJC_ISA_USAGE = YES_ERROR;
				CLANG_WARN_DOCUMENTATION_COMMENTS = YES;
				CLANG_WARN_EMPTY_BODY = YES;
				CLANG_WARN_ENUM_CONVERSION = YES;
				CLANG_WARN_INFINITE_RECURSION = YES;
				CLANG_WARN_INT_CONVERSION = YES;
				CLANG_WARN_NON_LITERAL_NULL_CONVERSION = YES;
				CLANG_WARN_OBJC_IMPLICIT_RETAIN_SELF = YES;
				CLANG_WARN_OBJC_LITERAL_CONVERSION = YES;
				CLANG_WARN_OBJC_ROOT_CLASS = YES_ERROR;
				CLANG_WARN_RANGE_LOOP_ANALYSIS = YES;
				CLANG_WARN_STRICT_PROTOTYPES = YES;
				CLANG_WARN_SUSPICIOUS_MOVE = YES;
				CLANG_WARN_UNGUARDED_AVAILABILITY = YES_AGGRESSIVE;
				CLANG_WARN_UNREACHABLE_CODE = YES;
				CLANG_WARN__DUPLICATE_METHOD_MATCH = YES;
				COPY_PHASE_STRIP = NO;
				DEBUG_INFORMATION_FORMAT = dwarf;
				ENABLE_STRICT_OBJC_MSGSEND = YES;
				ENABLE_TESTABILITY = YES;
				GCC_C_LANGUAGE_STANDARD = gnu11;
				GCC_DYNAMIC_NO_PIC = NO;
				GCC_NO_COMMON_BLOCKS = YES;
				GCC_OPTIMIZATION_LEVEL = 0;
				GCC_PREPROCESSOR_DEFINITIONS = (
					"DEBUG=1",
					"$(inherited)",
				);
				GCC_WARN_64_TO_32_BIT_CONVERSION = YES;
				GCC_WARN_ABOUT_RETURN_TYPE = YES_ERROR;
				GCC_WARN_UNDECLARED_SELECTOR = YES;
				GCC_WARN_UNINITIALIZED_AUTOS = YES_AGGRESSIVE;
				GCC_WARN_UNUSED_FUNCTION = YES;
				GCC_WARN_UNUSED_VARIABLE = YES;
				IPHONEOS_DEPLOYMENT_TARGET = 13.6;
				MTL_ENABLE_DEBUG_INFO = INCLUDE_SOURCE;
				MTL_FAST_MATH = YES;
				ONLY_ACTIVE_ARCH = YES;
				SDKROOT = iphoneos;
				SWIFT_ACTIVE_COMPILATION_CONDITIONS = DEBUG;
				SWIFT_OPTIMIZATION_LEVEL = "-Onone";
			};
			name = Debug;
		};
		9446459425CBE20600E247F6 /* Release */ = {
			isa = XCBuildConfiguration;
			buildSettings = {
				ALWAYS_SEARCH_USER_PATHS = NO;
				CLANG_ANALYZER_NONNULL = YES;
				CLANG_ANALYZER_NUMBER_OBJECT_CONVERSION = YES_AGGRESSIVE;
				CLANG_CXX_LANGUAGE_STANDARD = "gnu++14";
				CLANG_CXX_LIBRARY = "libc++";
				CLANG_ENABLE_MODULES = YES;
				CLANG_ENABLE_OBJC_ARC = YES;
				CLANG_ENABLE_OBJC_WEAK = YES;
				CLANG_WARN_BLOCK_CAPTURE_AUTORELEASING = YES;
				CLANG_WARN_BOOL_CONVERSION = YES;
				CLANG_WARN_COMMA = YES;
				CLANG_WARN_CONSTANT_CONVERSION = YES;
				CLANG_WARN_DEPRECATED_OBJC_IMPLEMENTATIONS = YES;
				CLANG_WARN_DIRECT_OBJC_ISA_USAGE = YES_ERROR;
				CLANG_WARN_DOCUMENTATION_COMMENTS = YES;
				CLANG_WARN_EMPTY_BODY = YES;
				CLANG_WARN_ENUM_CONVERSION = YES;
				CLANG_WARN_INFINITE_RECURSION = YES;
				CLANG_WARN_INT_CONVERSION = YES;
				CLANG_WARN_NON_LITERAL_NULL_CONVERSION = YES;
				CLANG_WARN_OBJC_IMPLICIT_RETAIN_SELF = YES;
				CLANG_WARN_OBJC_LITERAL_CONVERSION = YES;
				CLANG_WARN_OBJC_ROOT_CLASS = YES_ERROR;
				CLANG_WARN_RANGE_LOOP_ANALYSIS = YES;
				CLANG_WARN_STRICT_PROTOTYPES = YES;
				CLANG_WARN_SUSPICIOUS_MOVE = YES;
				CLANG_WARN_UNGUARDED_AVAILABILITY = YES_AGGRESSIVE;
				CLANG_WARN_UNREACHABLE_CODE = YES;
				CLANG_WARN__DUPLICATE_METHOD_MATCH = YES;
				COPY_PHASE_STRIP = NO;
				DEBUG_INFORMATION_FORMAT = "dwarf-with-dsym";
				ENABLE_NS_ASSERTIONS = NO;
				ENABLE_STRICT_OBJC_MSGSEND = YES;
				GCC_C_LANGUAGE_STANDARD = gnu11;
				GCC_NO_COMMON_BLOCKS = YES;
				GCC_WARN_64_TO_32_BIT_CONVERSION = YES;
				GCC_WARN_ABOUT_RETURN_TYPE = YES_ERROR;
				GCC_WARN_UNDECLARED_SELECTOR = YES;
				GCC_WARN_UNINITIALIZED_AUTOS = YES_AGGRESSIVE;
				GCC_WARN_UNUSED_FUNCTION = YES;
				GCC_WARN_UNUSED_VARIABLE = YES;
				IPHONEOS_DEPLOYMENT_TARGET = 13.6;
				MTL_ENABLE_DEBUG_INFO = NO;
				MTL_FAST_MATH = YES;
				SDKROOT = iphoneos;
				SWIFT_COMPILATION_MODE = wholemodule;
				SWIFT_OPTIMIZATION_LEVEL = "-O";
				VALIDATE_PRODUCT = YES;
			};
			name = Release;
		};
		9446459625CBE20600E247F6 /* Debug */ = {
			isa = XCBuildConfiguration;
			buildSettings = {
				ASSETCATALOG_COMPILER_APPICON_NAME = AppIcon;
				CODE_SIGN_STYLE = Automatic;
				INFOPLIST_FILE = "Restaraunts nearby/Info.plist";
				LD_RUNPATH_SEARCH_PATHS = (
					"$(inherited)",
					"@executable_path/Frameworks",
				);
				PRODUCT_BUNDLE_IDENTIFIER = "com.yurylapitsky.Restaraunts-nearby";
				PRODUCT_NAME = "$(TARGET_NAME)";
				SWIFT_VERSION = 5.0;
				TARGETED_DEVICE_FAMILY = "1,2";
			};
			name = Debug;
		};
		9446459725CBE20600E247F6 /* Release */ = {
			isa = XCBuildConfiguration;
			buildSettings = {
				ASSETCATALOG_COMPILER_APPICON_NAME = AppIcon;
				CODE_SIGN_STYLE = Automatic;
				INFOPLIST_FILE = "Restaraunts nearby/Info.plist";
				LD_RUNPATH_SEARCH_PATHS = (
					"$(inherited)",
					"@executable_path/Frameworks",
				);
				PRODUCT_BUNDLE_IDENTIFIER = "com.yurylapitsky.Restaraunts-nearby";
				PRODUCT_NAME = "$(TARGET_NAME)";
				SWIFT_VERSION = 5.0;
				TARGETED_DEVICE_FAMILY = "1,2";
			};
			name = Release;
		};
		9446459925CBE20600E247F6 /* Debug */ = {
			isa = XCBuildConfiguration;
			buildSettings = {
				ALWAYS_EMBED_SWIFT_STANDARD_LIBRARIES = YES;
				BUNDLE_LOADER = "$(TEST_HOST)";
				CODE_SIGN_STYLE = Automatic;
				INFOPLIST_FILE = "Restaraunts nearbyTests/Info.plist";
				IPHONEOS_DEPLOYMENT_TARGET = 13.6;
				LD_RUNPATH_SEARCH_PATHS = (
					"$(inherited)",
					"@executable_path/Frameworks",
					"@loader_path/Frameworks",
				);
				PRODUCT_BUNDLE_IDENTIFIER = "com.yurylapitsky.Restaraunts-nearbyTests";
				PRODUCT_NAME = "$(TARGET_NAME)";
				SWIFT_VERSION = 5.0;
				TARGETED_DEVICE_FAMILY = "1,2";
				TEST_HOST = "$(BUILT_PRODUCTS_DIR)/Restaraunts nearby.app/Restaraunts nearby";
			};
			name = Debug;
		};
		9446459A25CBE20600E247F6 /* Release */ = {
			isa = XCBuildConfiguration;
			buildSettings = {
				ALWAYS_EMBED_SWIFT_STANDARD_LIBRARIES = YES;
				BUNDLE_LOADER = "$(TEST_HOST)";
				CODE_SIGN_STYLE = Automatic;
				INFOPLIST_FILE = "Restaraunts nearbyTests/Info.plist";
				IPHONEOS_DEPLOYMENT_TARGET = 13.6;
				LD_RUNPATH_SEARCH_PATHS = (
					"$(inherited)",
					"@executable_path/Frameworks",
					"@loader_path/Frameworks",
				);
				PRODUCT_BUNDLE_IDENTIFIER = "com.yurylapitsky.Restaraunts-nearbyTests";
				PRODUCT_NAME = "$(TARGET_NAME)";
				SWIFT_VERSION = 5.0;
				TARGETED_DEVICE_FAMILY = "1,2";
				TEST_HOST = "$(BUILT_PRODUCTS_DIR)/Restaraunts nearby.app/Restaraunts nearby";
			};
			name = Release;
		};
/* End XCBuildConfiguration section */

/* Begin XCConfigurationList section */
		9446457125CBE20500E247F6 /* Build configuration list for PBXProject "Restaraunts nearby" */ = {
			isa = XCConfigurationList;
			buildConfigurations = (
				9446459325CBE20600E247F6 /* Debug */,
				9446459425CBE20600E247F6 /* Release */,
			);
			defaultConfigurationIsVisible = 0;
			defaultConfigurationName = Release;
		};
		9446459525CBE20600E247F6 /* Build configuration list for PBXNativeTarget "Restaraunts nearby" */ = {
			isa = XCConfigurationList;
			buildConfigurations = (
				9446459625CBE20600E247F6 /* Debug */,
				9446459725CBE20600E247F6 /* Release */,
			);
			defaultConfigurationIsVisible = 0;
			defaultConfigurationName = Release;
		};
		9446459825CBE20600E247F6 /* Build configuration list for PBXNativeTarget "Restaraunts nearbyTests" */ = {
			isa = XCConfigurationList;
			buildConfigurations = (
				9446459925CBE20600E247F6 /* Debug */,
				9446459A25CBE20600E247F6 /* Release */,
			);
			defaultConfigurationIsVisible = 0;
			defaultConfigurationName = Release;
		};
/* End XCConfigurationList section */
	};
	rootObject = 9446456E25CBE20500E247F6 /* Project object */;
}
