// !$*UTF8*$!
{
	archiveVersion = 1;
	classes = {
	};
	objectVersion = 51;
	objects = {

/* Begin PBXBuildFile section */
		5E7D458C7E3C474D0467FB9A /* Pods_Restaurants.framework in Frameworks */ = {isa = PBXBuildFile; fileRef = 4EDEA48A01C61988BD6C6760 /* Pods_Restaurants.framework */; };
		9439619F25CCB5C8000623A3 /* MapViewModel.swift in Sources */ = {isa = PBXBuildFile; fileRef = 9439619E25CCB5C8000623A3 /* MapViewModel.swift */; };
		9446457A25CBE20500E247F6 /* AppDelegate.swift in Sources */ = {isa = PBXBuildFile; fileRef = 9446457925CBE20500E247F6 /* AppDelegate.swift */; };
		9446457C25CBE20500E247F6 /* SceneDelegate.swift in Sources */ = {isa = PBXBuildFile; fileRef = 9446457B25CBE20500E247F6 /* SceneDelegate.swift */; };
		9446457E25CBE20500E247F6 /* MapViewController.swift in Sources */ = {isa = PBXBuildFile; fileRef = 9446457D25CBE20500E247F6 /* MapViewController.swift */; };
		9446458325CBE20500E247F6 /* Assets.xcassets in Resources */ = {isa = PBXBuildFile; fileRef = 9446458225CBE20500E247F6 /* Assets.xcassets */; };
		9446458625CBE20500E247F6 /* LaunchScreen.storyboard in Resources */ = {isa = PBXBuildFile; fileRef = 9446458425CBE20500E247F6 /* LaunchScreen.storyboard */; };
		9491663C25CDF83C001ED057 /* RootCoordinator.swift in Sources */ = {isa = PBXBuildFile; fileRef = 9491663B25CDF83C001ED057 /* RootCoordinator.swift */; };
		9491664125CDF99A001ED057 /* SimpleLocationProvider.swift in Sources */ = {isa = PBXBuildFile; fileRef = 9491664025CDF99A001ED057 /* SimpleLocationProvider.swift */; };
		9491665825CDFCF3001ED057 /* RootCoordinatorTests.swift in Sources */ = {isa = PBXBuildFile; fileRef = 9491665725CDFCF3001ED057 /* RootCoordinatorTests.swift */; };
		9491666025CDFDE9001ED057 /* MapViewModelTests.swift in Sources */ = {isa = PBXBuildFile; fileRef = 9491665F25CDFDE9001ED057 /* MapViewModelTests.swift */; };
		9491666525CE026E001ED057 /* SimpleLocationProviderMock.swift in Sources */ = {isa = PBXBuildFile; fileRef = 9491666425CE026E001ED057 /* SimpleLocationProviderMock.swift */; };
/* End PBXBuildFile section */

/* Begin PBXContainerItemProxy section */
		9491664D25CDFCCC001ED057 /* PBXContainerItemProxy */ = {
			isa = PBXContainerItemProxy;
			containerPortal = 9446456E25CBE20500E247F6 /* Project object */;
			proxyType = 1;
			remoteGlobalIDString = 9446457525CBE20500E247F6;
			remoteInfo = Restaurants;
		};
/* End PBXContainerItemProxy section */

/* Begin PBXFileReference section */
		173A05F6AE04AA1737B68C5F /* Pods-Restaurants.debug.xcconfig */ = {isa = PBXFileReference; includeInIndex = 1; lastKnownFileType = text.xcconfig; name = "Pods-Restaurants.debug.xcconfig"; path = "Target Support Files/Pods-Restaurants/Pods-Restaurants.debug.xcconfig"; sourceTree = "<group>"; };
		4EDEA48A01C61988BD6C6760 /* Pods_Restaurants.framework */ = {isa = PBXFileReference; explicitFileType = wrapper.framework; includeInIndex = 0; path = Pods_Restaurants.framework; sourceTree = BUILT_PRODUCTS_DIR; };
		9439619E25CCB5C8000623A3 /* MapViewModel.swift */ = {isa = PBXFileReference; lastKnownFileType = sourcecode.swift; path = MapViewModel.swift; sourceTree = "<group>"; };
		9446457625CBE20500E247F6 /* Restaurants.app */ = {isa = PBXFileReference; explicitFileType = wrapper.application; includeInIndex = 0; path = Restaurants.app; sourceTree = BUILT_PRODUCTS_DIR; };
		9446457925CBE20500E247F6 /* AppDelegate.swift */ = {isa = PBXFileReference; lastKnownFileType = sourcecode.swift; path = AppDelegate.swift; sourceTree = "<group>"; };
		9446457B25CBE20500E247F6 /* SceneDelegate.swift */ = {isa = PBXFileReference; lastKnownFileType = sourcecode.swift; path = SceneDelegate.swift; sourceTree = "<group>"; };
		9446457D25CBE20500E247F6 /* MapViewController.swift */ = {isa = PBXFileReference; lastKnownFileType = sourcecode.swift; path = MapViewController.swift; sourceTree = "<group>"; };
		9446458225CBE20500E247F6 /* Assets.xcassets */ = {isa = PBXFileReference; lastKnownFileType = folder.assetcatalog; path = Assets.xcassets; sourceTree = "<group>"; };
		9446458525CBE20500E247F6 /* Base */ = {isa = PBXFileReference; lastKnownFileType = file.storyboard; name = Base; path = Base.lproj/LaunchScreen.storyboard; sourceTree = "<group>"; };
		9446458725CBE20500E247F6 /* Info.plist */ = {isa = PBXFileReference; lastKnownFileType = text.plist.xml; path = Info.plist; sourceTree = "<group>"; };
		9491663B25CDF83C001ED057 /* RootCoordinator.swift */ = {isa = PBXFileReference; lastKnownFileType = sourcecode.swift; path = RootCoordinator.swift; sourceTree = "<group>"; };
		9491664025CDF99A001ED057 /* SimpleLocationProvider.swift */ = {isa = PBXFileReference; lastKnownFileType = sourcecode.swift; path = SimpleLocationProvider.swift; sourceTree = "<group>"; };
		9491664825CDFCCC001ED057 /* RestaurantsTests.xctest */ = {isa = PBXFileReference; explicitFileType = wrapper.cfbundle; includeInIndex = 0; path = RestaurantsTests.xctest; sourceTree = BUILT_PRODUCTS_DIR; };
		9491664C25CDFCCC001ED057 /* Info.plist */ = {isa = PBXFileReference; lastKnownFileType = text.plist.xml; path = Info.plist; sourceTree = "<group>"; };
		9491665725CDFCF3001ED057 /* RootCoordinatorTests.swift */ = {isa = PBXFileReference; lastKnownFileType = sourcecode.swift; path = RootCoordinatorTests.swift; sourceTree = "<group>"; };
		9491665F25CDFDE9001ED057 /* MapViewModelTests.swift */ = {isa = PBXFileReference; lastKnownFileType = sourcecode.swift; path = MapViewModelTests.swift; sourceTree = "<group>"; };
		9491666425CE026E001ED057 /* SimpleLocationProviderMock.swift */ = {isa = PBXFileReference; lastKnownFileType = sourcecode.swift; path = SimpleLocationProviderMock.swift; sourceTree = "<group>"; };
		B6C313FB0C2608CEF53359BE /* Pods-Restaurants.release.xcconfig */ = {isa = PBXFileReference; includeInIndex = 1; lastKnownFileType = text.xcconfig; name = "Pods-Restaurants.release.xcconfig"; path = "Target Support Files/Pods-Restaurants/Pods-Restaurants.release.xcconfig"; sourceTree = "<group>"; };
/* End PBXFileReference section */

/* Begin PBXFrameworksBuildPhase section */
		42849A804A76BA759C1B38F6 /* Frameworks */ = {
			isa = PBXFrameworksBuildPhase;
			buildActionMask = 2147483647;
			files = (
				5E7D458C7E3C474D0467FB9A /* Pods_Restaurants.framework in Frameworks */,
			);
			runOnlyForDeploymentPostprocessing = 0;
		};
		9491664525CDFCCC001ED057 /* Frameworks */ = {
			isa = PBXFrameworksBuildPhase;
			buildActionMask = 2147483647;
			files = (
			);
			runOnlyForDeploymentPostprocessing = 0;
		};
/* End PBXFrameworksBuildPhase section */

/* Begin PBXGroup section */
		25A11CDAB03D5353443FA81A /* Frameworks */ = {
			isa = PBXGroup;
			children = (
				4EDEA48A01C61988BD6C6760 /* Pods_Restaurants.framework */,
			);
			name = Frameworks;
			sourceTree = "<group>";
		};
		4357D422B822AEC012905792 /* Pods */ = {
			isa = PBXGroup;
			children = (
				173A05F6AE04AA1737B68C5F /* Pods-Restaurants.debug.xcconfig */,
				B6C313FB0C2608CEF53359BE /* Pods-Restaurants.release.xcconfig */,
			);
			path = Pods;
			sourceTree = "<group>";
		};
		9439619D25CCB5B5000623A3 /* ViewModel */ = {
			isa = PBXGroup;
			children = (
				9439619E25CCB5C8000623A3 /* MapViewModel.swift */,
			);
			path = ViewModel;
			sourceTree = "<group>";
		};
		943961A425CCB728000623A3 /* ViewController */ = {
			isa = PBXGroup;
			children = (
				9446457D25CBE20500E247F6 /* MapViewController.swift */,
			);
			path = ViewController;
			sourceTree = "<group>";
		};
		9446456D25CBE20500E247F6 = {
			isa = PBXGroup;
			children = (
				9446457825CBE20500E247F6 /* Restaurants */,
				9491664925CDFCCC001ED057 /* RestaurantsTests */,
				9446457725CBE20500E247F6 /* Products */,
				25A11CDAB03D5353443FA81A /* Frameworks */,
				4357D422B822AEC012905792 /* Pods */,
			);
			sourceTree = "<group>";
		};
		9446457725CBE20500E247F6 /* Products */ = {
			isa = PBXGroup;
			children = (
				9446457625CBE20500E247F6 /* Restaurants.app */,
				9491664825CDFCCC001ED057 /* RestaurantsTests.xctest */,
			);
			name = Products;
			sourceTree = "<group>";
		};
		9446457825CBE20500E247F6 /* Restaurants */ = {
			isa = PBXGroup;
			children = (
				9491663A25CDF825001ED057 /* Coordinator */,
				943961A425CCB728000623A3 /* ViewController */,
				9439619D25CCB5B5000623A3 /* ViewModel */,
				9491663F25CDF988001ED057 /* Provider */,
				9446457925CBE20500E247F6 /* AppDelegate.swift */,
				9446457B25CBE20500E247F6 /* SceneDelegate.swift */,
				9446458225CBE20500E247F6 /* Assets.xcassets */,
				9446458425CBE20500E247F6 /* LaunchScreen.storyboard */,
				9446458725CBE20500E247F6 /* Info.plist */,
			);
			path = Restaurants;
			sourceTree = "<group>";
		};
		9491663A25CDF825001ED057 /* Coordinator */ = {
			isa = PBXGroup;
			children = (
				9491663B25CDF83C001ED057 /* RootCoordinator.swift */,
			);
			path = Coordinator;
			sourceTree = "<group>";
		};
		9491663F25CDF988001ED057 /* Provider */ = {
			isa = PBXGroup;
			children = (
				9491664025CDF99A001ED057 /* SimpleLocationProvider.swift */,
			);
			path = Provider;
			sourceTree = "<group>";
		};
		9491664925CDFCCC001ED057 /* RestaurantsTests */ = {
			isa = PBXGroup;
			children = (
				9491664C25CDFCCC001ED057 /* Info.plist */,
				9491665725CDFCF3001ED057 /* RootCoordinatorTests.swift */,
				9491665F25CDFDE9001ED057 /* MapViewModelTests.swift */,
				9491666325CE0253001ED057 /* Mocks */,
			);
			path = RestaurantsTests;
			sourceTree = "<group>";
		};
		9491666325CE0253001ED057 /* Mocks */ = {
			isa = PBXGroup;
			children = (
				9491666425CE026E001ED057 /* SimpleLocationProviderMock.swift */,
			);
			path = Mocks;
			sourceTree = "<group>";
		};
/* End PBXGroup section */

/* Begin PBXNativeTarget section */
		9446457525CBE20500E247F6 /* Restaurants */ = {
			isa = PBXNativeTarget;
			buildConfigurationList = 9446459525CBE20600E247F6 /* Build configuration list for PBXNativeTarget "Restaurants" */;
			buildPhases = (
				9A8043E6F1268A9C1A79D32D /* [CP] Check Pods Manifest.lock */,
				9446457225CBE20500E247F6 /* Sources */,
				9446457425CBE20500E247F6 /* Resources */,
				42849A804A76BA759C1B38F6 /* Frameworks */,
				A9A41BD5235F4CA4B983F85B /* [CP] Embed Pods Frameworks */,
			);
			buildRules = (
			);
			dependencies = (
			);
			name = Restaurants;
			productName = "Restaraunts nearby";
			productReference = 9446457625CBE20500E247F6 /* Restaurants.app */;
			productType = "com.apple.product-type.application";
		};
		9491664725CDFCCC001ED057 /* RestaurantsTests */ = {
			isa = PBXNativeTarget;
			buildConfigurationList = 9491664F25CDFCCC001ED057 /* Build configuration list for PBXNativeTarget "RestaurantsTests" */;
			buildPhases = (
				9491664425CDFCCC001ED057 /* Sources */,
				9491664525CDFCCC001ED057 /* Frameworks */,
				9491664625CDFCCC001ED057 /* Resources */,
			);
			buildRules = (
			);
			dependencies = (
				9491664E25CDFCCC001ED057 /* PBXTargetDependency */,
			);
			name = RestaurantsTests;
			productName = RestaurantsTests;
			productReference = 9491664825CDFCCC001ED057 /* RestaurantsTests.xctest */;
			productType = "com.apple.product-type.bundle.unit-test";
		};
/* End PBXNativeTarget section */

/* Begin PBXProject section */
		9446456E25CBE20500E247F6 /* Project object */ = {
			isa = PBXProject;
			attributes = {
				LastSwiftUpdateCheck = 1240;
				LastUpgradeCheck = 1160;
				ORGANIZATIONNAME = "Yury Lapitsky";
				TargetAttributes = {
					9446457525CBE20500E247F6 = {
						CreatedOnToolsVersion = 11.6;
					};
					9491664725CDFCCC001ED057 = {
						CreatedOnToolsVersion = 12.4;
						LastSwiftMigration = 1240;
						TestTargetID = 9446457525CBE20500E247F6;
					};
				};
			};
			buildConfigurationList = 9446457125CBE20500E247F6 /* Build configuration list for PBXProject "Restaurants" */;
			compatibilityVersion = "Xcode 9.3";
			developmentRegion = en;
			hasScannedForEncodings = 0;
			knownRegions = (
				en,
				Base,
			);
			mainGroup = 9446456D25CBE20500E247F6;
			productRefGroup = 9446457725CBE20500E247F6 /* Products */;
			projectDirPath = "";
			projectRoot = "";
			targets = (
				9446457525CBE20500E247F6 /* Restaurants */,
				9491664725CDFCCC001ED057 /* RestaurantsTests */,
			);
		};
/* End PBXProject section */

/* Begin PBXResourcesBuildPhase section */
		9446457425CBE20500E247F6 /* Resources */ = {
			isa = PBXResourcesBuildPhase;
			buildActionMask = 2147483647;
			files = (
				9446458625CBE20500E247F6 /* LaunchScreen.storyboard in Resources */,
				9446458325CBE20500E247F6 /* Assets.xcassets in Resources */,
			);
			runOnlyForDeploymentPostprocessing = 0;
		};
		9491664625CDFCCC001ED057 /* Resources */ = {
			isa = PBXResourcesBuildPhase;
			buildActionMask = 2147483647;
			files = (
			);
			runOnlyForDeploymentPostprocessing = 0;
		};
/* End PBXResourcesBuildPhase section */

/* Begin PBXShellScriptBuildPhase section */
		9A8043E6F1268A9C1A79D32D /* [CP] Check Pods Manifest.lock */ = {
			isa = PBXShellScriptBuildPhase;
			buildActionMask = 2147483647;
			files = (
			);
			inputFileListPaths = (
			);
			inputPaths = (
				"${PODS_PODFILE_DIR_PATH}/Podfile.lock",
				"${PODS_ROOT}/Manifest.lock",
			);
			name = "[CP] Check Pods Manifest.lock";
			outputFileListPaths = (
			);
			outputPaths = (
				"$(DERIVED_FILE_DIR)/Pods-Restaurants-checkManifestLockResult.txt",
			);
			runOnlyForDeploymentPostprocessing = 0;
			shellPath = /bin/sh;
			shellScript = "diff \"${PODS_PODFILE_DIR_PATH}/Podfile.lock\" \"${PODS_ROOT}/Manifest.lock\" > /dev/null\nif [ $? != 0 ] ; then\n    # print error to STDERR\n    echo \"error: The sandbox is not in sync with the Podfile.lock. Run 'pod install' or update your CocoaPods installation.\" >&2\n    exit 1\nfi\n# This output is used by Xcode 'outputs' to avoid re-running this script phase.\necho \"SUCCESS\" > \"${SCRIPT_OUTPUT_FILE_0}\"\n";
			showEnvVarsInLog = 0;
		};
		A9A41BD5235F4CA4B983F85B /* [CP] Embed Pods Frameworks */ = {
			isa = PBXShellScriptBuildPhase;
			buildActionMask = 2147483647;
			files = (
			);
			inputFileListPaths = (
				"${PODS_ROOT}/Target Support Files/Pods-Restaurants/Pods-Restaurants-frameworks-${CONFIGURATION}-input-files.xcfilelist",
			);
			name = "[CP] Embed Pods Frameworks";
			outputFileListPaths = (
				"${PODS_ROOT}/Target Support Files/Pods-Restaurants/Pods-Restaurants-frameworks-${CONFIGURATION}-output-files.xcfilelist",
			);
			runOnlyForDeploymentPostprocessing = 0;
			shellPath = /bin/sh;
			shellScript = "\"${PODS_ROOT}/Target Support Files/Pods-Restaurants/Pods-Restaurants-frameworks.sh\"\n";
			showEnvVarsInLog = 0;
		};
/* End PBXShellScriptBuildPhase section */

/* Begin PBXSourcesBuildPhase section */
		9446457225CBE20500E247F6 /* Sources */ = {
			isa = PBXSourcesBuildPhase;
			buildActionMask = 2147483647;
			files = (
				9446457E25CBE20500E247F6 /* MapViewController.swift in Sources */,
				9491664125CDF99A001ED057 /* SimpleLocationProvider.swift in Sources */,
				9446457A25CBE20500E247F6 /* AppDelegate.swift in Sources */,
				9491663C25CDF83C001ED057 /* RootCoordinator.swift in Sources */,
				9446457C25CBE20500E247F6 /* SceneDelegate.swift in Sources */,
				9439619F25CCB5C8000623A3 /* MapViewModel.swift in Sources */,
			);
			runOnlyForDeploymentPostprocessing = 0;
		};
		9491664425CDFCCC001ED057 /* Sources */ = {
			isa = PBXSourcesBuildPhase;
			buildActionMask = 2147483647;
			files = (
				9491665825CDFCF3001ED057 /* RootCoordinatorTests.swift in Sources */,
				9491666525CE026E001ED057 /* SimpleLocationProviderMock.swift in Sources */,
				9491666025CDFDE9001ED057 /* MapViewModelTests.swift in Sources */,
			);
			runOnlyForDeploymentPostprocessing = 0;
		};
/* End PBXSourcesBuildPhase section */

/* Begin PBXTargetDependency section */
		9491664E25CDFCCC001ED057 /* PBXTargetDependency */ = {
			isa = PBXTargetDependency;
			target = 9446457525CBE20500E247F6 /* Restaurants */;
			targetProxy = 9491664D25CDFCCC001ED057 /* PBXContainerItemProxy */;
		};
/* End PBXTargetDependency section */

/* Begin PBXVariantGroup section */
		9446458425CBE20500E247F6 /* LaunchScreen.storyboard */ = {
			isa = PBXVariantGroup;
			children = (
				9446458525CBE20500E247F6 /* Base */,
			);
			name = LaunchScreen.storyboard;
			sourceTree = "<group>";
		};
/* End PBXVariantGroup section */

/* Begin XCBuildConfiguration section */
		9446459325CBE20600E247F6 /* Debug */ = {
			isa = XCBuildConfiguration;
			buildSettings = {
				ALWAYS_SEARCH_USER_PATHS = NO;
				CLANG_ANALYZER_NONNULL = YES;
				CLANG_ANALYZER_NUMBER_OBJECT_CONVERSION = YES_AGGRESSIVE;
				CLANG_CXX_LANGUAGE_STANDARD = "gnu++14";
				CLANG_CXX_LIBRARY = "libc++";
				CLANG_ENABLE_MODULES = YES;
				CLANG_ENABLE_OBJC_ARC = YES;
				CLANG_ENABLE_OBJC_WEAK = YES;
				CLANG_WARN_BLOCK_CAPTURE_AUTORELEASING = YES;
				CLANG_WARN_BOOL_CONVERSION = YES;
				CLANG_WARN_COMMA = YES;
				CLANG_WARN_CONSTANT_CONVERSION = YES;
				CLANG_WARN_DEPRECATED_OBJC_IMPLEMENTATIONS = YES;
				CLANG_WARN_DIRECT_OBJC_ISA_USAGE = YES_ERROR;
				CLANG_WARN_DOCUMENTATION_COMMENTS = YES;
				CLANG_WARN_EMPTY_BODY = YES;
				CLANG_WARN_ENUM_CONVERSION = YES;
				CLANG_WARN_INFINITE_RECURSION = YES;
				CLANG_WARN_INT_CONVERSION = YES;
				CLANG_WARN_NON_LITERAL_NULL_CONVERSION = YES;
				CLANG_WARN_OBJC_IMPLICIT_RETAIN_SELF = YES;
				CLANG_WARN_OBJC_LITERAL_CONVERSION = YES;
				CLANG_WARN_OBJC_ROOT_CLASS = YES_ERROR;
				CLANG_WARN_RANGE_LOOP_ANALYSIS = YES;
				CLANG_WARN_STRICT_PROTOTYPES = YES;
				CLANG_WARN_SUSPICIOUS_MOVE = YES;
				CLANG_WARN_UNGUARDED_AVAILABILITY = YES_AGGRESSIVE;
				CLANG_WARN_UNREACHABLE_CODE = YES;
				CLANG_WARN__DUPLICATE_METHOD_MATCH = YES;
				COPY_PHASE_STRIP = NO;
				DEBUG_INFORMATION_FORMAT = dwarf;
				ENABLE_STRICT_OBJC_MSGSEND = YES;
				ENABLE_TESTABILITY = YES;
				GCC_C_LANGUAGE_STANDARD = gnu11;
				GCC_DYNAMIC_NO_PIC = NO;
				GCC_NO_COMMON_BLOCKS = YES;
				GCC_OPTIMIZATION_LEVEL = 0;
				GCC_PREPROCESSOR_DEFINITIONS = (
					"DEBUG=1",
					"$(inherited)",
				);
				GCC_WARN_64_TO_32_BIT_CONVERSION = YES;
				GCC_WARN_ABOUT_RETURN_TYPE = YES_ERROR;
				GCC_WARN_UNDECLARED_SELECTOR = YES;
				GCC_WARN_UNINITIALIZED_AUTOS = YES_AGGRESSIVE;
				GCC_WARN_UNUSED_FUNCTION = YES;
				GCC_WARN_UNUSED_VARIABLE = YES;
				IPHONEOS_DEPLOYMENT_TARGET = 13.6;
				MTL_ENABLE_DEBUG_INFO = INCLUDE_SOURCE;
				MTL_FAST_MATH = YES;
				ONLY_ACTIVE_ARCH = YES;
				SDKROOT = iphoneos;
				SWIFT_ACTIVE_COMPILATION_CONDITIONS = DEBUG;
				SWIFT_OPTIMIZATION_LEVEL = "-Onone";
			};
			name = Debug;
		};
		9446459425CBE20600E247F6 /* Release */ = {
			isa = XCBuildConfiguration;
			buildSettings = {
				ALWAYS_SEARCH_USER_PATHS = NO;
				CLANG_ANALYZER_NONNULL = YES;
				CLANG_ANALYZER_NUMBER_OBJECT_CONVERSION = YES_AGGRESSIVE;
				CLANG_CXX_LANGUAGE_STANDARD = "gnu++14";
				CLANG_CXX_LIBRARY = "libc++";
				CLANG_ENABLE_MODULES = YES;
				CLANG_ENABLE_OBJC_ARC = YES;
				CLANG_ENABLE_OBJC_WEAK = YES;
				CLANG_WARN_BLOCK_CAPTURE_AUTORELEASING = YES;
				CLANG_WARN_BOOL_CONVERSION = YES;
				CLANG_WARN_COMMA = YES;
				CLANG_WARN_CONSTANT_CONVERSION = YES;
				CLANG_WARN_DEPRECATED_OBJC_IMPLEMENTATIONS = YES;
				CLANG_WARN_DIRECT_OBJC_ISA_USAGE = YES_ERROR;
				CLANG_WARN_DOCUMENTATION_COMMENTS = YES;
				CLANG_WARN_EMPTY_BODY = YES;
				CLANG_WARN_ENUM_CONVERSION = YES;
				CLANG_WARN_INFINITE_RECURSION = YES;
				CLANG_WARN_INT_CONVERSION = YES;
				CLANG_WARN_NON_LITERAL_NULL_CONVERSION = YES;
				CLANG_WARN_OBJC_IMPLICIT_RETAIN_SELF = YES;
				CLANG_WARN_OBJC_LITERAL_CONVERSION = YES;
				CLANG_WARN_OBJC_ROOT_CLASS = YES_ERROR;
				CLANG_WARN_RANGE_LOOP_ANALYSIS = YES;
				CLANG_WARN_STRICT_PROTOTYPES = YES;
				CLANG_WARN_SUSPICIOUS_MOVE = YES;
				CLANG_WARN_UNGUARDED_AVAILABILITY = YES_AGGRESSIVE;
				CLANG_WARN_UNREACHABLE_CODE = YES;
				CLANG_WARN__DUPLICATE_METHOD_MATCH = YES;
				COPY_PHASE_STRIP = NO;
				DEBUG_INFORMATION_FORMAT = "dwarf-with-dsym";
				ENABLE_NS_ASSERTIONS = NO;
				ENABLE_STRICT_OBJC_MSGSEND = YES;
				GCC_C_LANGUAGE_STANDARD = gnu11;
				GCC_NO_COMMON_BLOCKS = YES;
				GCC_WARN_64_TO_32_BIT_CONVERSION = YES;
				GCC_WARN_ABOUT_RETURN_TYPE = YES_ERROR;
				GCC_WARN_UNDECLARED_SELECTOR = YES;
				GCC_WARN_UNINITIALIZED_AUTOS = YES_AGGRESSIVE;
				GCC_WARN_UNUSED_FUNCTION = YES;
				GCC_WARN_UNUSED_VARIABLE = YES;
				IPHONEOS_DEPLOYMENT_TARGET = 13.6;
				MTL_ENABLE_DEBUG_INFO = NO;
				MTL_FAST_MATH = YES;
				SDKROOT = iphoneos;
				SWIFT_COMPILATION_MODE = wholemodule;
				SWIFT_OPTIMIZATION_LEVEL = "-O";
				VALIDATE_PRODUCT = YES;
			};
			name = Release;
		};
		9446459625CBE20600E247F6 /* Debug */ = {
			isa = XCBuildConfiguration;
			baseConfigurationReference = 173A05F6AE04AA1737B68C5F /* Pods-Restaurants.debug.xcconfig */;
			buildSettings = {
				ASSETCATALOG_COMPILER_APPICON_NAME = AppIcon;
				CODE_SIGN_STYLE = Automatic;
				INFOPLIST_FILE = "$(SRCROOT)/Restaurants/Info.plist";
				LD_RUNPATH_SEARCH_PATHS = (
					"$(inherited)",
					"@executable_path/Frameworks",
				);
				PRODUCT_BUNDLE_IDENTIFIER = "com.yurylapitsky.Restaurants-nearby";
				PRODUCT_NAME = "$(TARGET_NAME)";
				SWIFT_VERSION = 5.0;
				TARGETED_DEVICE_FAMILY = "1,2";
			};
			name = Debug;
		};
		9446459725CBE20600E247F6 /* Release */ = {
			isa = XCBuildConfiguration;
			baseConfigurationReference = B6C313FB0C2608CEF53359BE /* Pods-Restaurants.release.xcconfig */;
			buildSettings = {
				ASSETCATALOG_COMPILER_APPICON_NAME = AppIcon;
				CODE_SIGN_STYLE = Automatic;
				INFOPLIST_FILE = "$(SRCROOT)/Restaurants/Info.plist";
				LD_RUNPATH_SEARCH_PATHS = (
					"$(inherited)",
					"@executable_path/Frameworks",
				);
				PRODUCT_BUNDLE_IDENTIFIER = "com.yurylapitsky.Restaurants-nearby";
				PRODUCT_NAME = "$(TARGET_NAME)";
				SWIFT_VERSION = 5.0;
				TARGETED_DEVICE_FAMILY = "1,2";
			};
			name = Release;
		};
		9491665025CDFCCC001ED057 /* Debug */ = {
			isa = XCBuildConfiguration;
			buildSettings = {
				BUNDLE_LOADER = "$(TEST_HOST)";
				CLANG_ENABLE_MODULES = YES;
				CLANG_WARN_QUOTED_INCLUDE_IN_FRAMEWORK_HEADER = YES;
				CODE_SIGN_STYLE = Automatic;
				INFOPLIST_FILE = RestaurantsTests/Info.plist;
				IPHONEOS_DEPLOYMENT_TARGET = 14.4;
				LD_RUNPATH_SEARCH_PATHS = (
					"$(inherited)",
					"@executable_path/Frameworks",
					"@loader_path/Frameworks",
				);
				PRODUCT_BUNDLE_IDENTIFIER = com.yurylapitsky.RestaurantsTests;
				PRODUCT_NAME = "$(TARGET_NAME)";
				SWIFT_OBJC_BRIDGING_HEADER = "RestaurantsTests/RestaurantsTests-Bridging-Header.h";
				SWIFT_OPTIMIZATION_LEVEL = "-Onone";
				SWIFT_VERSION = 5.0;
				TARGETED_DEVICE_FAMILY = "1,2";
				TEST_HOST = "$(BUILT_PRODUCTS_DIR)/Restaurants.app/Restaurants";
			};
			name = Debug;
		};
		9491665125CDFCCC001ED057 /* Release */ = {
			isa = XCBuildConfiguration;
			buildSettings = {
				BUNDLE_LOADER = "$(TEST_HOST)";
				CLANG_ENABLE_MODULES = YES;
				CLANG_WARN_QUOTED_INCLUDE_IN_FRAMEWORK_HEADER = YES;
				CODE_SIGN_STYLE = Automatic;
				INFOPLIST_FILE = RestaurantsTests/Info.plist;
				IPHONEOS_DEPLOYMENT_TARGET = 14.4;
				LD_RUNPATH_SEARCH_PATHS = (
					"$(inherited)",
					"@executable_path/Frameworks",
					"@loader_path/Frameworks",
				);
				PRODUCT_BUNDLE_IDENTIFIER = com.yurylapitsky.RestaurantsTests;
				PRODUCT_NAME = "$(TARGET_NAME)";
				SWIFT_OBJC_BRIDGING_HEADER = "RestaurantsTests/RestaurantsTests-Bridging-Header.h";
				SWIFT_VERSION = 5.0;
				TARGETED_DEVICE_FAMILY = "1,2";
				TEST_HOST = "$(BUILT_PRODUCTS_DIR)/Restaurants.app/Restaurants";
			};
			name = Release;
		};
/* End XCBuildConfiguration section */

/* Begin XCConfigurationList section */
		9446457125CBE20500E247F6 /* Build configuration list for PBXProject "Restaurants" */ = {
			isa = XCConfigurationList;
			buildConfigurations = (
				9446459325CBE20600E247F6 /* Debug */,
				9446459425CBE20600E247F6 /* Release */,
			);
			defaultConfigurationIsVisible = 0;
			defaultConfigurationName = Release;
		};
		9446459525CBE20600E247F6 /* Build configuration list for PBXNativeTarget "Restaurants" */ = {
			isa = XCConfigurationList;
			buildConfigurations = (
				9446459625CBE20600E247F6 /* Debug */,
				9446459725CBE20600E247F6 /* Release */,
			);
			defaultConfigurationIsVisible = 0;
			defaultConfigurationName = Release;
		};
		9491664F25CDFCCC001ED057 /* Build configuration list for PBXNativeTarget "RestaurantsTests" */ = {
			isa = XCConfigurationList;
			buildConfigurations = (
				9491665025CDFCCC001ED057 /* Debug */,
				9491665125CDFCCC001ED057 /* Release */,
			);
			defaultConfigurationIsVisible = 0;
			defaultConfigurationName = Release;
		};
/* End XCConfigurationList section */
	};
	rootObject = 9446456E25CBE20500E247F6 /* Project object */;
}
